
Microsoft Visual Studio Solution File, Format Version 12.00
# Visual Studio Version 17
VisualStudioVersion = 17.0.32112.339
MinimumVisualStudioVersion = 10.0.40219.1
Project("{FAE04EC0-301F-11D3-BF4B-00C04F79EFBC}") = "EsquerdaVolver.ConsoleApp", "EsquerdaVolver.ConsoleApp\EsquerdaVolver.ConsoleApp.csproj", "{243BC3FB-40AD-4E19-B61C-775BB01EF310}"
EndProject
Global
	GlobalSection(SolutionConfigurationPlatforms) = preSolution
		Debug|Any CPU = Debug|Any CPU
		Release|Any CPU = Release|Any CPU
	EndGlobalSection
	GlobalSection(ProjectConfigurationPlatforms) = postSolution
		{243BC3FB-40AD-4E19-B61C-775BB01EF310}.Debug|Any CPU.ActiveCfg = Debug|Any CPU
		{243BC3FB-40AD-4E19-B61C-775BB01EF310}.Debug|Any CPU.Build.0 = Debug|Any CPU
		{243BC3FB-40AD-4E19-B61C-775BB01EF310}.Release|Any CPU.ActiveCfg = Release|Any CPU
		{243BC3FB-40AD-4E19-B61C-775BB01EF310}.Release|Any CPU.Build.0 = Release|Any CPU
	EndGlobalSection
	GlobalSection(SolutionProperties) = preSolution
		HideSolutionNode = FALSE
	EndGlobalSection
	GlobalSection(ExtensibilityGlobals) = postSolution
		SolutionGuid = {BAD8B379-1817-4DC4-A7D4-8B2E64539346}
	EndGlobalSection
EndGlobal
